<?xml version="1.0" encoding="utf-8"?>
<Project ToolsVersion="4.0" xmlns="http://schemas.microsoft.com/developer/msbuild/2003">
  <ItemGroup>
    <Filter Include="Source Files">
      <UniqueIdentifier>{4FC737F1-C7A5-4376-A066-2A32D752A2FF}</UniqueIdentifier>
      <Extensions>cpp;c;cc;cxx;c++;cppm;ixx;def;odl;idl;hpj;bat;asm;asmx</Extensions>
    </Filter>
    <Filter Include="Header Files">
      <UniqueIdentifier>{93995380-89BD-4b04-88EB-625FBE52EBFB}</UniqueIdentifier>
      <Extensions>h;hh;hpp;hxx;h++;hm;inl;inc;ipp;xsd</Extensions>
    </Filter>
    <Filter Include="Resource Files">
      <UniqueIdentifier>{67DA6AB6-F800-4c08-8B7A-83BB121AAD01}</UniqueIdentifier>
      <Extensions>rc;ico;cur;bmp;dlg;rc2;rct;bin;rgs;gif;jpg;jpeg;jpe;resx;tiff;tif;png;wav;mfcribbon-ms</Extensions>
    </Filter>
  </ItemGroup>
  <ItemGroup>
    <ClCompile Include="main.cpp">
      <Filter>Source Files</Filter>
    </ClCompile>
    <ClCompile Include="PRNG.cpp">
      <Filter>Source Files</Filter>
    </ClCompile>
    <ClCompile Include="state_manager.cpp">
      <Filter>Source Files</Filter>
    </ClCompile>
    <ClCompile Include="general.cpp">
      <Filter>Source Files</Filter>
    </ClCompile>
    <ClCompile Include="Assignments\WarBoats\Ocean.cpp">
      <Filter>Source Files</Filter>
    </ClCompile>
    <ClCompile Include="Assignments\assignments.cpp">
      <Filter>Source Files</Filter>
    </ClCompile>
    <ClCompile Include="Assignments\WarBoats\warboats_driver.cpp">
      <Filter>Source Files</Filter>
    </ClCompile>
    <ClCompile Include="Assignments\WarBoatsOO\warboatsOO_driver.cpp">
      <Filter>Source Files</Filter>
    </ClCompile>
    <ClCompile Include="Assignments\WarBoatsOO\OceanOO.cpp">
      <Filter>Source Files</Filter>
    </ClCompile>
    <ClCompile Include="Assignments\Point\point_driver.cpp">
      <Filter>Source Files</Filter>
    </ClCompile>
    <ClCompile Include="Assignments\Point\Point.cpp">
      <Filter>Source Files</Filter>
    </ClCompile>
    <ClCompile Include="Assignments\Table\table.cpp">
      <Filter>Source Files</Filter>
    </ClCompile>
    <ClCompile Include="Assignments\Table\table_driver.cpp">
      <Filter>Source Files</Filter>
    </ClCompile>
    <ClCompile Include="Assignments\List_Template\List-template.cpp">
      <Filter>Source Files</Filter>
    </ClCompile>
    <ClCompile Include="Assignments\List\List.cpp">
      <Filter>Source Files</Filter>
    </ClCompile>
    <ClCompile Include="Assignments\List\list_driver.cpp">
      <Filter>Source Files</Filter>
    </ClCompile>
    <ClCompile Include="Assignments\List_Template\list-template-driver.cpp">
      <Filter>Source Files</Filter>
    </ClCompile>
    <ClCompile Include="Labs\labs.cpp">
      <Filter>Source Files</Filter>
    </ClCompile>
    <ClCompile Include="Labs\Fibonacci\fibonacci.cpp">
      <Filter>Source Files</Filter>
    </ClCompile>
    <ClCompile Include="Labs\List\00 List\00_list_lab.cpp">
      <Filter>Source Files</Filter>
    </ClCompile>
    <ClCompile Include="Labs\List\01 List\01_list_lab.cpp">
      <Filter>Source Files</Filter>
    </ClCompile>
    <ClCompile Include="Labs\List\02 List\02_list_lab.cpp">
      <Filter>Source Files</Filter>
    </ClCompile>
    <ClCompile Include="Labs\List\03 List\03_list_lab.cpp">
      <Filter>Source Files</Filter>
    </ClCompile>
    <ClCompile Include="Labs\List\04 List\04_list_lab.cpp">
      <Filter>Source Files</Filter>
    </ClCompile>
    <ClCompile Include="Labs\Vector\00 Vector\00_vector_lab.cpp">
      <Filter>Source Files</Filter>
    </ClCompile>
    <ClCompile Include="Labs\Vector\01 Vector\01_vector_lab.cpp">
      <Filter>Source Files</Filter>
    </ClCompile>
    <ClCompile Include="Labs\Vector\02 Vector\02_vector_lab.cpp">
      <Filter>Source Files</Filter>
    </ClCompile>
    <ClCompile Include="Labs\Vector\03 Vector\03_vector_lab.cpp">
      <Filter>Source Files</Filter>
    </ClCompile>
  </ItemGroup>
  <ItemGroup>
    <ClInclude Include="state_manager.h">
      <Filter>Source Files</Filter>
    </ClInclude>
    <ClInclude Include="PRNG.h">
      <Filter>Header Files</Filter>
    </ClInclude>
    <ClInclude Include="general.h">
      <Filter>Header Files</Filter>
    </ClInclude>
    <ClInclude Include="Assignments\WarBoats\Ocean.h">
      <Filter>Header Files</Filter>
    </ClInclude>
    <ClInclude Include="Assignments\WarBoats\WarBoats.h">
      <Filter>Header Files</Filter>
    </ClInclude>
    <ClInclude Include="Assignments\assignments.h">
      <Filter>Header Files</Filter>
    </ClInclude>
    <ClInclude Include="Assignments\WarBoats\warboats_driver.h">
      <Filter>Header Files</Filter>
    </ClInclude>
    <ClInclude Include="Assignments\WarBoatsOO\OceanOO.h">
      <Filter>Header Files</Filter>
    </ClInclude>
    <ClInclude Include="Assignments\WarBoatsOO\WarBoatsOO.h">
      <Filter>Header Files</Filter>
    </ClInclude>
    <ClInclude Include="Assignments\WarBoatsOO\warboatsOO_driver.h">
      <Filter>Header Files</Filter>
    </ClInclude>
    <ClInclude Include="Assignments\Point\Point.h">
      <Filter>Header Files</Filter>
    </ClInclude>
    <ClInclude Include="Assignments\Point\point_driver.h">
      <Filter>Header Files</Filter>
    </ClInclude>
    <ClInclude Include="Assignments\Table\table.h">
      <Filter>Header Files</Filter>
    </ClInclude>
    <ClInclude Include="Assignments\Table\table_driver.h">
      <Filter>Header Files</Filter>
    </ClInclude>
    <ClInclude Include="Assignments\List_Template\List-template.h">
      <Filter>Header Files</Filter>
    </ClInclude>
    <ClInclude Include="Assignments\List\List.h">
      <Filter>Header Files</Filter>
    </ClInclude>
    <ClInclude Include="Assignments\List\list_driver.h">
      <Filter>Header Files</Filter>
    </ClInclude>
    <ClInclude Include="Assignments\List_Template\list-template_driver.h">
      <Filter>Header Files</Filter>
    </ClInclude>
    <ClInclude Include="Labs\labs.h">
      <Filter>Header Files</Filter>
    </ClInclude>
    <ClInclude Include="Labs\Fibonacci\fibonacci.h">
      <Filter>Header Files</Filter>
    </ClInclude>
    <ClInclude Include="Labs\List\00 List\00_list_lab.h">
      <Filter>Header Files</Filter>
    </ClInclude>
    <ClInclude Include="Labs\List\01 List\01_list_lab.h">
      <Filter>Header Files</Filter>
    </ClInclude>
    <ClInclude Include="Labs\List\02 List\02_list_lab.h">
      <Filter>Header Files</Filter>
    </ClInclude>
    <ClInclude Include="Labs\List\03 List\03_list_lab.h">
      <Filter>Header Files</Filter>
    </ClInclude>
    <ClInclude Include="Labs\List\04 List\04_list_lab.h">
      <Filter>Header Files</Filter>
    </ClInclude>
    <ClInclude Include="Labs\Vector\00 Vector\00_vector_lab.h">
      <Filter>Header Files</Filter>
    </ClInclude>
    <ClInclude Include="Labs\Vector\01 Vector\01_vector_lab.h">
      <Filter>Header Files</Filter>
    </ClInclude>
    <ClInclude Include="Labs\Vector\02 Vector\02_vector_lab.h">
      <Filter>Header Files</Filter>
    </ClInclude>
    <ClInclude Include="Labs\Vector\03 Vector\03_vector_lab.h">
      <Filter>Header Files</Filter>
    </ClInclude>
  </ItemGroup>
</Project>