<?xml version="1.0" encoding="utf-8"?>
<Project ToolsVersion="4.0" xmlns="http://schemas.microsoft.com/developer/msbuild/2003">
  <ItemGroup>
    <Filter Include="Source Files">
      <UniqueIdentifier>{4FC737F1-C7A5-4376-A066-2A32D752A2FF}</UniqueIdentifier>
      <Extensions>cpp;c;cc;cxx;c++;cppm;ixx;def;odl;idl;hpj;bat;asm;asmx</Extensions>
    </Filter>
    <Filter Include="Header Files">
      <UniqueIdentifier>{93995380-89BD-4b04-88EB-625FBE52EBFB}</UniqueIdentifier>
      <Extensions>h;hh;hpp;hxx;h++;hm;inl;inc;ipp;xsd</Extensions>
    </Filter>
    <Filter Include="Resource Files">
      <UniqueIdentifier>{67DA6AB6-F800-4c08-8B7A-83BB121AAD01}</UniqueIdentifier>
      <Extensions>rc;ico;cur;bmp;dlg;rc2;rct;bin;rgs;gif;jpg;jpeg;jpe;resx;tiff;tif;png;wav;mfcribbon-ms</Extensions>
    </Filter>
  </ItemGroup>
  <ItemGroup>
    <ClCompile Include="general.cpp">
      <Filter>Source Files</Filter>
    </ClCompile>
    <ClCompile Include="main.cpp">
      <Filter>Source Files</Filter>
    </ClCompile>
    <ClCompile Include="PRNG.cpp">
      <Filter>Source Files</Filter>
    </ClCompile>
    <ClCompile Include="state_manager.cpp">
      <Filter>Source Files</Filter>
    </ClCompile>
    <ClCompile Include="Labs\labs.cpp">
      <Filter>Source Files</Filter>
    </ClCompile>
    <ClCompile Include="Assignments\assignments.cpp">
      <Filter>Source Files</Filter>
    </ClCompile>
    <ClCompile Include="Assignments\splitter\splitter.cpp">
      <Filter>Source Files</Filter>
    </ClCompile>
    <ClCompile Include="Assignments\sparsevector\sparsevector.cpp">
      <Filter>Source Files</Filter>
    </ClCompile>
    <ClCompile Include="Assignments\sparsevector_CPP\sparsevector_CPP.cpp">
      <Filter>Source Files</Filter>
    </ClCompile>
    <ClCompile Include="Assignments\lazycopy\element1.cpp">
      <Filter>Source Files</Filter>
    </ClCompile>
    <ClCompile Include="Assignments\lazycopy\element2.cpp">
      <Filter>Source Files</Filter>
    </ClCompile>
    <ClCompile Include="Assignments\lazycopy\element-factory.cpp">
      <Filter>Source Files</Filter>
    </ClCompile>
    <ClCompile Include="Assignments\lazycopy\lazycopy.cpp">
      <Filter>Source Files</Filter>
    </ClCompile>
    <ClCompile Include="Labs\readline\readline.cpp">
      <Filter>Source Files</Filter>
    </ClCompile>
    <ClCompile Include="Labs\replace\replace.cpp">
      <Filter>Source Files</Filter>
    </ClCompile>
    <ClCompile Include="Labs\cipher\cipher.cpp">
      <Filter>Source Files</Filter>
    </ClCompile>
    <ClCompile Include="Labs\tddaa\tddaa.cpp">
      <Filter>Source Files</Filter>
    </ClCompile>
    <ClCompile Include="Labs\matrix\matrix.cpp">
      <Filter>Source Files</Filter>
    </ClCompile>
    <ClCompile Include="Labs\rational\rational.cpp">
      <Filter>Source Files</Filter>
    </ClCompile>
    <ClCompile Include="Labs\deque\deque.cpp">
      <Filter>Source Files</Filter>
    </ClCompile>
    <ClCompile Include="Labs\deque_template\deque_template.cpp">
      <Filter>Source Files</Filter>
    </ClCompile>
    <ClCompile Include="Labs\functions\functions.cpp">
      <Filter>Source Files</Filter>
    </ClCompile>
    <ClCompile Include="Labs\ray_intersection\shapes.cpp">
      <Filter>Source Files</Filter>
    </ClCompile>
    <ClCompile Include="Labs\ray_intersection\trace.cpp">
      <Filter>Source Files</Filter>
    </ClCompile>
    <ClCompile Include="Labs\polynomial\polynomial.cpp">
      <Filter>Source Files</Filter>
    </ClCompile>
  </ItemGroup>
  <ItemGroup>
    <ClInclude Include="general.h">
      <Filter>Header Files</Filter>
    </ClInclude>
    <ClInclude Include="PRNG.h">
      <Filter>Header Files</Filter>
    </ClInclude>
    <ClInclude Include="state_manager.h">
      <Filter>Header Files</Filter>
    </ClInclude>
    <ClInclude Include="Labs\labs.h">
      <Filter>Header Files</Filter>
    </ClInclude>
    <ClInclude Include="Assignments\assignments.h">
      <Filter>Header Files</Filter>
    </ClInclude>
    <ClInclude Include="Assignments\splitter\splitter.h">
      <Filter>Header Files</Filter>
    </ClInclude>
    <ClInclude Include="Assignments\sparsevector\sparsevector.h">
      <Filter>Header Files</Filter>
    </ClInclude>
    <ClInclude Include="Assignments\sparsevector_CPP\sparsevector_CPP.h">
      <Filter>Header Files</Filter>
    </ClInclude>
    <ClInclude Include="Assignments\lazycopy\abstract-element.h">
      <Filter>Header Files</Filter>
    </ClInclude>
    <ClInclude Include="Assignments\lazycopy\CRTP.h">
      <Filter>Header Files</Filter>
    </ClInclude>
    <ClInclude Include="Assignments\lazycopy\element1.h">
      <Filter>Header Files</Filter>
    </ClInclude>
    <ClInclude Include="Assignments\lazycopy\element2.h">
      <Filter>Header Files</Filter>
    </ClInclude>
    <ClInclude Include="Assignments\lazycopy\element-factory.h">
      <Filter>Header Files</Filter>
    </ClInclude>
    <ClInclude Include="Assignments\lazycopy\lazycopy.h">
      <Filter>Header Files</Filter>
    </ClInclude>
    <ClInclude Include="Labs\readline\readline.h">
      <Filter>Header Files</Filter>
    </ClInclude>
    <ClInclude Include="Labs\replace\replace.h">
      <Filter>Header Files</Filter>
    </ClInclude>
    <ClInclude Include="Labs\cipher\cipher.h">
      <Filter>Header Files</Filter>
    </ClInclude>
    <ClInclude Include="Labs\tddaa\tddaa.h">
      <Filter>Header Files</Filter>
    </ClInclude>
    <ClInclude Include="Labs\matrix\matrix.h">
      <Filter>Header Files</Filter>
    </ClInclude>
    <ClInclude Include="Labs\rational\rational.h">
      <Filter>Header Files</Filter>
    </ClInclude>
    <ClInclude Include="Labs\deque\deque.h">
      <Filter>Header Files</Filter>
    </ClInclude>
    <ClInclude Include="Labs\deque_template\deque_template.h">
      <Filter>Header Files</Filter>
    </ClInclude>
    <ClInclude Include="Labs\functions\functions.h">
      <Filter>Header Files</Filter>
    </ClInclude>
    <ClInclude Include="Labs\ray_intersection\shapes.h">
      <Filter>Header Files</Filter>
    </ClInclude>
    <ClInclude Include="Labs\ray_intersection\trace.h">
      <Filter>Header Files</Filter>
    </ClInclude>
    <ClInclude Include="Labs\polynomial\polynomial.h">
      <Filter>Header Files</Filter>
    </ClInclude>
  </ItemGroup>
</Project>